
Microsoft Visual Studio Solution File, Format Version 12.00
# Visual Studio Version 16
VisualStudioVersion = 16.0.29920.165
MinimumVisualStudioVersion = 10.0.40219.1
Project("{9A19103F-16F7-4668-BE54-9A1E7A4F7556}") = "Template", "src\Template\Template.csproj", "{560B0CB5-764B-4E95-8948-B4DA39923089}"
EndProject
Project("{2150E333-8FDC-42A3-9474-1A3956D46DE8}") = "_Build", "_Build", "{5FCA33EC-29C8-4C4A-B793-929011FB5E66}"
EndProject
Project("{2150E333-8FDC-42A3-9474-1A3956D46DE8}") = "Props", "Props", "{75F98EA5-F366-4C51-BD1E-E19797A0D510}"
	ProjectSection(SolutionItems) = preProject
		Build\Common.Benchmark.props = Build\Common.Benchmark.props
		Build\Common.props = Build\Common.props
		Build\Common.Tests.props = Build\Common.Tests.props
		src\Directory.Build.props = src\Directory.Build.props
	EndProjectSection
EndProject
Project("{2150E333-8FDC-42A3-9474-1A3956D46DE8}") = "Targets", "Targets", "{D3B777DF-1040-46EE-AF62-EE03C4344AA1}"
	ProjectSection(SolutionItems) = preProject
		Build\DeleteGenerateBindingRedirects.target = Build\DeleteGenerateBindingRedirects.target
	EndProjectSection
EndProject
Project("{9A19103F-16F7-4668-BE54-9A1E7A4F7556}") = "Template.Tests", "src\Template.Tests\Template.Tests.csproj", "{9B72942D-85D0-49FA-B50E-F5815A64DA27}"
EndProject
Project("{9A19103F-16F7-4668-BE54-9A1E7A4F7556}") = "Template.Benchmark", "src\Template.Benchmark\Template.Benchmark.csproj", "{98B3644E-8268-4915-A3AD-0CC22F72ABBE}"
EndProject
Project("{2150E333-8FDC-42A3-9474-1A3956D46DE8}") = "Nuke", "Nuke", "{5D7CE6E3-1780-47A6-B709-6BFAD2501944}"
EndProject
Project("{9A19103F-16F7-4668-BE54-9A1E7A4F7556}") = "NukeBuild", "build\nuke\NukeBuild.csproj", "{60846712-3A4E-4AD9-B6B0-0F525158056B}"
EndProject
Project("{2150E333-8FDC-42A3-9474-1A3956D46DE8}") = "_Misc", "_Misc", "{AB146ED7-C610-4796-83FC-07D4CE322F77}"
	ProjectSection(SolutionItems) = preProject
		README.md = README.md
	EndProjectSection
EndProject
Project("{2150E333-8FDC-42A3-9474-1A3956D46DE8}") = "Misc", "Misc", "{E5E03327-3D04-4E5D-A3FB-39A2701333AD}"
	ProjectSection(SolutionItems) = preProject
		appveyor.yml = appveyor.yml
		azure-pipelines.yml = azure-pipelines.yml
		build.cmd = build.cmd
		build.ps1 = build.ps1
		build.sh = build.sh
		.github\workflows\continuous.yml = .github\workflows\continuous.yml
	EndProjectSection
EndProject
Global
	GlobalSection(SolutionConfigurationPlatforms) = preSolution
		Debug|Any CPU = Debug|Any CPU
		Release|Any CPU = Release|Any CPU
	EndGlobalSection
	GlobalSection(ProjectConfigurationPlatforms) = postSolution
		{560B0CB5-764B-4E95-8948-B4DA39923089}.Debug|Any CPU.ActiveCfg = Debug|Any CPU
		{560B0CB5-764B-4E95-8948-B4DA39923089}.Debug|Any CPU.Build.0 = Debug|Any CPU
		{560B0CB5-764B-4E95-8948-B4DA39923089}.Release|Any CPU.ActiveCfg = Release|Any CPU
		{560B0CB5-764B-4E95-8948-B4DA39923089}.Release|Any CPU.Build.0 = Release|Any CPU
		{9B72942D-85D0-49FA-B50E-F5815A64DA27}.Debug|Any CPU.ActiveCfg = Debug|Any CPU
		{9B72942D-85D0-49FA-B50E-F5815A64DA27}.Debug|Any CPU.Build.0 = Debug|Any CPU
		{9B72942D-85D0-49FA-B50E-F5815A64DA27}.Release|Any CPU.ActiveCfg = Release|Any CPU
		{9B72942D-85D0-49FA-B50E-F5815A64DA27}.Release|Any CPU.Build.0 = Release|Any CPU
		{98B3644E-8268-4915-A3AD-0CC22F72ABBE}.Debug|Any CPU.ActiveCfg = Debug|Any CPU
		{98B3644E-8268-4915-A3AD-0CC22F72ABBE}.Debug|Any CPU.Build.0 = Debug|Any CPU
		{98B3644E-8268-4915-A3AD-0CC22F72ABBE}.Release|Any CPU.ActiveCfg = Release|Any CPU
		{98B3644E-8268-4915-A3AD-0CC22F72ABBE}.Release|Any CPU.Build.0 = Release|Any CPU
		{60846712-3A4E-4AD9-B6B0-0F525158056B}.Debug|Any CPU.ActiveCfg = Debug|Any CPU
		{60846712-3A4E-4AD9-B6B0-0F525158056B}.Release|Any CPU.ActiveCfg = Release|Any CPU
	EndGlobalSection
	GlobalSection(SolutionProperties) = preSolution
		HideSolutionNode = FALSE
	EndGlobalSection
	GlobalSection(NestedProjects) = preSolution
		{75F98EA5-F366-4C51-BD1E-E19797A0D510} = {5FCA33EC-29C8-4C4A-B793-929011FB5E66}
		{D3B777DF-1040-46EE-AF62-EE03C4344AA1} = {5FCA33EC-29C8-4C4A-B793-929011FB5E66}
		{5D7CE6E3-1780-47A6-B709-6BFAD2501944} = {5FCA33EC-29C8-4C4A-B793-929011FB5E66}
		{60846712-3A4E-4AD9-B6B0-0F525158056B} = {5D7CE6E3-1780-47A6-B709-6BFAD2501944}
		{E5E03327-3D04-4E5D-A3FB-39A2701333AD} = {5D7CE6E3-1780-47A6-B709-6BFAD2501944}
	EndGlobalSection
	GlobalSection(ExtensibilityGlobals) = postSolution
		SolutionGuid = {2392A8B2-6075-4D6E-8707-1CE1BB365317}
	EndGlobalSection
EndGlobal
